# This file is automatically @generated by Cargo.
# It is not intended for manual editing.
version = 3

[[package]]
name = "anyhow"
version = "1.0.75"
source = "registry+https://github.com/rust-lang/crates.io-index"
checksum = "a4668cab20f66d8d020e1fbc0ebe47217433c1b6c8f2040faf858554e394ace6"

[[package]]
name = "arrayvec"
version = "0.7.4"
source = "registry+https://github.com/rust-lang/crates.io-index"
checksum = "96d30a06541fbafbc7f82ed10c06164cfbd2c401138f6addd8404629c4b16711"

[[package]]
name = "autocfg"
version = "1.1.0"
source = "registry+https://github.com/rust-lang/crates.io-index"
checksum = "d468802bab17cbc0cc575e9b053f41e72aa36bfa6b7f55e3529ffa43161b97fa"

[[package]]
name = "day01"
version = "0.1.0"
dependencies = [
 "anyhow",
]

[[package]]
name = "day02"
version = "0.1.0"
dependencies = [
 "anyhow",
]

[[package]]
name = "day03"
version = "0.1.0"
dependencies = [
 "anyhow",
 "arrayvec",
]

[[package]]
name = "day04"
version = "0.1.0"
dependencies = [
 "anyhow",
]

[[package]]
name = "day05"
version = "0.1.0"
dependencies = [
 "anyhow",
]

[[package]]
name = "day06"
version = "0.1.0"
dependencies = [
 "anyhow",
]

[[package]]
name = "day07"
version = "0.1.0"
dependencies = [
 "anyhow",
]

[[package]]
name = "day08"
version = "0.1.0"
dependencies = [
 "anyhow",
]

[[package]]
name = "day09"
version = "0.1.0"
dependencies = [
 "anyhow",
]

[[package]]
name = "day10"
version = "0.1.0"
dependencies = [
 "anyhow",
 "polygonical",
]

[[package]]
name = "day11"
version = "0.1.0"
dependencies = [
 "anyhow",
]

[[package]]
name = "day12"
version = "0.1.0"

[[package]]
name = "day13"
version = "0.1.0"

[[package]]
name = "float-cmp"
version = "0.9.0"
source = "registry+https://github.com/rust-lang/crates.io-index"
checksum = "98de4bbd547a563b716d8dfa9aad1cb19bfab00f4fa09a6a4ed21dbcf44ce9c4"
dependencies = [
 "num-traits",
]

[[package]]
name = "num-traits"
version = "0.2.17"
source = "registry+https://github.com/rust-lang/crates.io-index"
checksum = "39e3200413f237f41ab11ad6d161bc7239c84dcb631773ccd7de3dfe4b5c267c"
dependencies = [
 "autocfg",
]

[[package]]
name = "polygonical"
version = "0.5.0"
source = "registry+https://github.com/rust-lang/crates.io-index"
checksum = "a7ea54a5aac399455538901e57d767125569eee6bcaee1323b32e02e22b2ac86"
dependencies = [
 "float-cmp",
]
